
Microsoft Visual Studio Solution File, Format Version 11.00
# Visual Studio 2010
Project("{F184B08F-C81C-45F6-A57F-5ABD9991F28F}") = "Akhmad Syayadi_2018230197", "Akhmad Syayadi_2018230197\Akhmad Syayadi_2018230197.vbproj", "{7022591B-ED77-4EF5-9887-604B5DA61701}"
EndProject
Global
	GlobalSection(SolutionConfigurationPlatforms) = preSolution
		Debug|x86 = Debug|x86
		Release|x86 = Release|x86
	EndGlobalSection
	GlobalSection(ProjectConfigurationPlatforms) = postSolution
		{7022591B-ED77-4EF5-9887-604B5DA61701}.Debug|x86.ActiveCfg = Debug|x86
		{7022591B-ED77-4EF5-9887-604B5DA61701}.Debug|x86.Build.0 = Debug|x86
		{7022591B-ED77-4EF5-9887-604B5DA61701}.Release|x86.ActiveCfg = Release|x86
		{7022591B-ED77-4EF5-9887-604B5DA61701}.Release|x86.Build.0 = Release|x86
	EndGlobalSection
	GlobalSection(SolutionProperties) = preSolution
		HideSolutionNode = FALSE
	EndGlobalSection
EndGlobal
